
Microsoft Visual Studio Solution File, Format Version 12.00
# Visual Studio 15
VisualStudioVersion = 15.0.27004.2009
MinimumVisualStudioVersion = 10.0.40219.1
Project("{9A19103F-16F7-4668-BE54-9A1E7A4F7556}") = "MessagingService", "MessagingService.csproj", "{B49969FF-F8CD-4E67-8BDA-EA42C97D2A6E}"
EndProject
Global
	GlobalSection(SolutionConfigurationPlatforms) = preSolution
		Debug|Any CPU = Debug|Any CPU
		Release|Any CPU = Release|Any CPU
	EndGlobalSection
	GlobalSection(ProjectConfigurationPlatforms) = postSolution
		{B49969FF-F8CD-4E67-8BDA-EA42C97D2A6E}.Debug|Any CPU.ActiveCfg = Debug|Any CPU
		{B49969FF-F8CD-4E67-8BDA-EA42C97D2A6E}.Debug|Any CPU.Build.0 = Debug|Any CPU
		{B49969FF-F8CD-4E67-8BDA-EA42C97D2A6E}.Release|Any CPU.ActiveCfg = Release|Any CPU
		{B49969FF-F8CD-4E67-8BDA-EA42C97D2A6E}.Release|Any CPU.Build.0 = Release|Any CPU
	EndGlobalSection
	GlobalSection(SolutionProperties) = preSolution
		HideSolutionNode = FALSE
	EndGlobalSection
	GlobalSection(ExtensibilityGlobals) = postSolution
		SolutionGuid = {19C91D8A-3DD0-4631-8CE1-CF0CBDDB4C58}
	EndGlobalSection
EndGlobal
